{
  "name": "camel-scripts",
  "version": "0.0.9",
  "lockfileVersion": 2,
  "requires": true,
  "packages": {
    "": {
      "name": "camel-scripts",
      "version": "0.0.9",
      "dependencies": {
        "camel-scripts": "file:"
      }
    },
    "node_modules/camel-scripts": {
      "resolved": "",
      "link": true
    }
  },
  "dependencies": {
    "camel-scripts": {
      "version": "file:",
      "requires": {
        "camel-scripts": "file:"
      }
    }
  }
}
